
Microsoft Visual Studio Solution File, Format Version 12.00
# Visual Studio 15
VisualStudioVersion = 15.0.28307.271
MinimumVisualStudioVersion = 10.0.40219.1
Project("{FAE04EC0-301F-11D3-BF4B-00C04F79EFBC}") = "Sale.Android", "Sale\Sale.Android\Sale.Android.csproj", "{205396F2-2176-48BE-8BCC-161BF815B682}"
EndProject
Project("{FAE04EC0-301F-11D3-BF4B-00C04F79EFBC}") = "Sale.iOS", "Sale\Sale.iOS\Sale.iOS.csproj", "{D5FB9994-0363-488A-AA02-8491C020F196}"
EndProject
Project("{FAE04EC0-301F-11D3-BF4B-00C04F79EFBC}") = "Sale.UWP", "Sale\Sale.UWP\Sale.UWP.csproj", "{39CD29E4-4C28-462C-B046-739F8644AF7B}"
EndProject
Project("{FAE04EC0-301F-11D3-BF4B-00C04F79EFBC}") = "Sale", "Sale\Sale\Sale.csproj", "{3A4C34B3-02FA-4112-9BEE-A114A1AB2B00}"
EndProject
Project("{FAE04EC0-301F-11D3-BF4B-00C04F79EFBC}") = "Sale.Backend", "Sale.Backend\Sale.Backend.csproj", "{2B759806-B162-4A18-B34B-97B09C5D02ED}"
EndProject
Project("{FAE04EC0-301F-11D3-BF4B-00C04F79EFBC}") = "Sale.Api", "Sale.Api\Sale.Api.csproj", "{3ED721BB-B8C8-4BBA-AA53-8E68E6423E77}"
EndProject
Project("{FAE04EC0-301F-11D3-BF4B-00C04F79EFBC}") = "Sale.Domaine", "Sale.Domaine\Sale.Domaine.csproj", "{F71A1C49-1995-47CD-87D2-03DCC1A2A177}"
EndProject
Project("{FAE04EC0-301F-11D3-BF4B-00C04F79EFBC}") = "Sale.Comon", "Sale.Comon\Sale.Comon.csproj", "{DB0A8DD6-3DC2-448B-9CB7-BE0382F6CAB1}"
EndProject
Global
	GlobalSection(SolutionConfigurationPlatforms) = preSolution
		Ad-Hoc|Any CPU = Ad-Hoc|Any CPU
		Ad-Hoc|ARM = Ad-Hoc|ARM
		Ad-Hoc|iPhone = Ad-Hoc|iPhone
		Ad-Hoc|iPhoneSimulator = Ad-Hoc|iPhoneSimulator
		Ad-Hoc|x64 = Ad-Hoc|x64
		Ad-Hoc|x86 = Ad-Hoc|x86
		AppStore|Any CPU = AppStore|Any CPU
		AppStore|ARM = AppStore|ARM
		AppStore|iPhone = AppStore|iPhone
		AppStore|iPhoneSimulator = AppStore|iPhoneSimulator
		AppStore|x64 = AppStore|x64
		AppStore|x86 = AppStore|x86
		Debug|Any CPU = Debug|Any CPU
		Debug|ARM = Debug|ARM
		Debug|iPhone = Debug|iPhone
		Debug|iPhoneSimulator = Debug|iPhoneSimulator
		Debug|x64 = Debug|x64
		Debug|x86 = Debug|x86
		Release|Any CPU = Release|Any CPU
		Release|ARM = Release|ARM
		Release|iPhone = Release|iPhone
		Release|iPhoneSimulator = Release|iPhoneSimulator
		Release|x64 = Release|x64
		Release|x86 = Release|x86
	EndGlobalSection
	GlobalSection(ProjectConfigurationPlatforms) = postSolution
		{205396F2-2176-48BE-8BCC-161BF815B682}.Ad-Hoc|Any CPU.ActiveCfg = Release|Any CPU
		{205396F2-2176-48BE-8BCC-161BF815B682}.Ad-Hoc|Any CPU.Build.0 = Release|Any CPU
		{205396F2-2176-48BE-8BCC-161BF815B682}.Ad-Hoc|Any CPU.Deploy.0 = Release|Any CPU
		{205396F2-2176-48BE-8BCC-161BF815B682}.Ad-Hoc|ARM.ActiveCfg = Release|Any CPU
		{205396F2-2176-48BE-8BCC-161BF815B682}.Ad-Hoc|ARM.Build.0 = Release|Any CPU
		{205396F2-2176-48BE-8BCC-161BF815B682}.Ad-Hoc|ARM.Deploy.0 = Release|Any CPU
		{205396F2-2176-48BE-8BCC-161BF815B682}.Ad-Hoc|iPhone.ActiveCfg = Release|Any CPU
		{205396F2-2176-48BE-8BCC-161BF815B682}.Ad-Hoc|iPhone.Build.0 = Release|Any CPU
		{205396F2-2176-48BE-8BCC-161BF815B682}.Ad-Hoc|iPhone.Deploy.0 = Release|Any CPU
		{205396F2-2176-48BE-8BCC-161BF815B682}.Ad-Hoc|iPhoneSimulator.ActiveCfg = Release|Any CPU
		{205396F2-2176-48BE-8BCC-161BF815B682}.Ad-Hoc|iPhoneSimulator.Build.0 = Release|Any CPU
		{205396F2-2176-48BE-8BCC-161BF815B682}.Ad-Hoc|iPhoneSimulator.Deploy.0 = Release|Any CPU
		{205396F2-2176-48BE-8BCC-161BF815B682}.Ad-Hoc|x64.ActiveCfg = Release|Any CPU
		{205396F2-2176-48BE-8BCC-161BF815B682}.Ad-Hoc|x64.Build.0 = Release|Any CPU
		{205396F2-2176-48BE-8BCC-161BF815B682}.Ad-Hoc|x64.Deploy.0 = Release|Any CPU
		{205396F2-2176-48BE-8BCC-161BF815B682}.Ad-Hoc|x86.ActiveCfg = Release|Any CPU
		{205396F2-2176-48BE-8BCC-161BF815B682}.Ad-Hoc|x86.Build.0 = Release|Any CPU
		{205396F2-2176-48BE-8BCC-161BF815B682}.Ad-Hoc|x86.Deploy.0 = Release|Any CPU
		{205396F2-2176-48BE-8BCC-161BF815B682}.AppStore|Any CPU.ActiveCfg = Release|Any CPU
		{205396F2-2176-48BE-8BCC-161BF815B682}.AppStore|Any CPU.Build.0 = Release|Any CPU
		{205396F2-2176-48BE-8BCC-161BF815B682}.AppStore|Any CPU.Deploy.0 = Release|Any CPU
		{205396F2-2176-48BE-8BCC-161BF815B682}.AppStore|ARM.ActiveCfg = Release|Any CPU
		{205396F2-2176-48BE-8BCC-161BF815B682}.AppStore|ARM.Build.0 = Release|Any CPU
		{205396F2-2176-48BE-8BCC-161BF815B682}.AppStore|ARM.Deploy.0 = Release|Any CPU
		{205396F2-2176-48BE-8BCC-161BF815B682}.AppStore|iPhone.ActiveCfg = Release|Any CPU
		{205396F2-2176-48BE-8BCC-161BF815B682}.AppStore|iPhone.Build.0 = Release|Any CPU
		{205396F2-2176-48BE-8BCC-161BF815B682}.AppStore|iPhone.Deploy.0 = Release|Any CPU
		{205396F2-2176-48BE-8BCC-161BF815B682}.AppStore|iPhoneSimulator.ActiveCfg = Release|Any CPU
		{205396F2-2176-48BE-8BCC-161BF815B682}.AppStore|iPhoneSimulator.Build.0 = Release|Any CPU
		{205396F2-2176-48BE-8BCC-161BF815B682}.AppStore|iPhoneSimulator.Deploy.0 = Release|Any CPU
		{205396F2-2176-48BE-8BCC-161BF815B682}.AppStore|x64.ActiveCfg = Release|Any CPU
		{205396F2-2176-48BE-8BCC-161BF815B682}.AppStore|x64.Build.0 = Release|Any CPU
		{205396F2-2176-48BE-8BCC-161BF815B682}.AppStore|x64.Deploy.0 = Release|Any CPU
		{205396F2-2176-48BE-8BCC-161BF815B682}.AppStore|x86.ActiveCfg = Release|Any CPU
		{205396F2-2176-48BE-8BCC-161BF815B682}.AppStore|x86.Build.0 = Release|Any CPU
		{205396F2-2176-48BE-8BCC-161BF815B682}.AppStore|x86.Deploy.0 = Release|Any CPU
		{205396F2-2176-48BE-8BCC-161BF815B682}.Debug|Any CPU.ActiveCfg = Debug|Any CPU
		{205396F2-2176-48BE-8BCC-161BF815B682}.Debug|Any CPU.Build.0 = Debug|Any CPU
		{205396F2-2176-48BE-8BCC-161BF815B682}.Debug|Any CPU.Deploy.0 = Debug|Any CPU
		{205396F2-2176-48BE-8BCC-161BF815B682}.Debug|ARM.ActiveCfg = Debug|Any CPU
		{205396F2-2176-48BE-8BCC-161BF815B682}.Debug|ARM.Build.0 = Debug|Any CPU
		{205396F2-2176-48BE-8BCC-161BF815B682}.Debug|ARM.Deploy.0 = Debug|Any CPU
		{205396F2-2176-48BE-8BCC-161BF815B682}.Debug|iPhone.ActiveCfg = Debug|Any CPU
		{205396F2-2176-48BE-8BCC-161BF815B682}.Debug|iPhone.Build.0 = Debug|Any CPU
		{205396F2-2176-48BE-8BCC-161BF815B682}.Debug|iPhone.Deploy.0 = Debug|Any CPU
		{205396F2-2176-48BE-8BCC-161BF815B682}.Debug|iPhoneSimulator.ActiveCfg = Debug|Any CPU
		{205396F2-2176-48BE-8BCC-161BF815B682}.Debug|iPhoneSimulator.Build.0 = Debug|Any CPU
		{205396F2-2176-48BE-8BCC-161BF815B682}.Debug|iPhoneSimulator.Deploy.0 = Debug|Any CPU
		{205396F2-2176-48BE-8BCC-161BF815B682}.Debug|x64.ActiveCfg = Debug|Any CPU
		{205396F2-2176-48BE-8BCC-161BF815B682}.Debug|x64.Build.0 = Debug|Any CPU
		{205396F2-2176-48BE-8BCC-161BF815B682}.Debug|x64.Deploy.0 = Debug|Any CPU
		{205396F2-2176-48BE-8BCC-161BF815B682}.Debug|x86.ActiveCfg = Debug|Any CPU
		{205396F2-2176-48BE-8BCC-161BF815B682}.Debug|x86.Build.0 = Debug|Any CPU
		{205396F2-2176-48BE-8BCC-161BF815B682}.Debug|x86.Deploy.0 = Debug|Any CPU
		{205396F2-2176-48BE-8BCC-161BF815B682}.Release|Any CPU.ActiveCfg = Release|Any CPU
		{205396F2-2176-48BE-8BCC-161BF815B682}.Release|Any CPU.Build.0 = Release|Any CPU
		{205396F2-2176-48BE-8BCC-161BF815B682}.Release|Any CPU.Deploy.0 = Release|Any CPU
		{205396F2-2176-48BE-8BCC-161BF815B682}.Release|ARM.ActiveCfg = Release|Any CPU
		{205396F2-2176-48BE-8BCC-161BF815B682}.Release|ARM.Build.0 = Release|Any CPU
		{205396F2-2176-48BE-8BCC-161BF815B682}.Release|ARM.Deploy.0 = Release|Any CPU
		{205396F2-2176-48BE-8BCC-161BF815B682}.Release|iPhone.ActiveCfg = Release|Any CPU
		{205396F2-2176-48BE-8BCC-161BF815B682}.Release|iPhone.Build.0 = Release|Any CPU
		{205396F2-2176-48BE-8BCC-161BF815B682}.Release|iPhone.Deploy.0 = Release|Any CPU
		{205396F2-2176-48BE-8BCC-161BF815B682}.Release|iPhoneSimulator.ActiveCfg = Release|Any CPU
		{205396F2-2176-48BE-8BCC-161BF815B682}.Release|iPhoneSimulator.Build.0 = Release|Any CPU
		{205396F2-2176-48BE-8BCC-161BF815B682}.Release|iPhoneSimulator.Deploy.0 = Release|Any CPU
		{205396F2-2176-48BE-8BCC-161BF815B682}.Release|x64.ActiveCfg = Release|Any CPU
		{205396F2-2176-48BE-8BCC-161BF815B682}.Release|x64.Build.0 = Release|Any CPU
		{205396F2-2176-48BE-8BCC-161BF815B682}.Release|x64.Deploy.0 = Release|Any CPU
		{205396F2-2176-48BE-8BCC-161BF815B682}.Release|x86.ActiveCfg = Release|Any CPU
		{205396F2-2176-48BE-8BCC-161BF815B682}.Release|x86.Build.0 = Release|Any CPU
		{205396F2-2176-48BE-8BCC-161BF815B682}.Release|x86.Deploy.0 = Release|Any CPU
		{D5FB9994-0363-488A-AA02-8491C020F196}.Ad-Hoc|Any CPU.ActiveCfg = Ad-Hoc|iPhone
		{D5FB9994-0363-488A-AA02-8491C020F196}.Ad-Hoc|Any CPU.Build.0 = Ad-Hoc|iPhone
		{D5FB9994-0363-488A-AA02-8491C020F196}.Ad-Hoc|Any CPU.Deploy.0 = Ad-Hoc|iPhone
		{D5FB9994-0363-488A-AA02-8491C020F196}.Ad-Hoc|ARM.ActiveCfg = Ad-Hoc|iPhone
		{D5FB9994-0363-488A-AA02-8491C020F196}.Ad-Hoc|ARM.Build.0 = Ad-Hoc|iPhone
		{D5FB9994-0363-488A-AA02-8491C020F196}.Ad-Hoc|ARM.Deploy.0 = Ad-Hoc|iPhone
		{D5FB9994-0363-488A-AA02-8491C020F196}.Ad-Hoc|iPhone.ActiveCfg = Ad-Hoc|iPhone
		{D5FB9994-0363-488A-AA02-8491C020F196}.Ad-Hoc|iPhone.Build.0 = Ad-Hoc|iPhone
		{D5FB9994-0363-488A-AA02-8491C020F196}.Ad-Hoc|iPhone.Deploy.0 = Ad-Hoc|iPhone
		{D5FB9994-0363-488A-AA02-8491C020F196}.Ad-Hoc|iPhoneSimulator.ActiveCfg = Ad-Hoc|iPhoneSimulator
		{D5FB9994-0363-488A-AA02-8491C020F196}.Ad-Hoc|iPhoneSimulator.Build.0 = Ad-Hoc|iPhoneSimulator
		{D5FB9994-0363-488A-AA02-8491C020F196}.Ad-Hoc|iPhoneSimulator.Deploy.0 = Ad-Hoc|iPhoneSimulator
		{D5FB9994-0363-488A-AA02-8491C020F196}.Ad-Hoc|x64.ActiveCfg = Ad-Hoc|iPhone
		{D5FB9994-0363-488A-AA02-8491C020F196}.Ad-Hoc|x64.Build.0 = Ad-Hoc|iPhone
		{D5FB9994-0363-488A-AA02-8491C020F196}.Ad-Hoc|x64.Deploy.0 = Ad-Hoc|iPhone
		{D5FB9994-0363-488A-AA02-8491C020F196}.Ad-Hoc|x86.ActiveCfg = Ad-Hoc|iPhone
		{D5FB9994-0363-488A-AA02-8491C020F196}.Ad-Hoc|x86.Build.0 = Ad-Hoc|iPhone
		{D5FB9994-0363-488A-AA02-8491C020F196}.Ad-Hoc|x86.Deploy.0 = Ad-Hoc|iPhone
		{D5FB9994-0363-488A-AA02-8491C020F196}.AppStore|Any CPU.ActiveCfg = AppStore|iPhone
		{D5FB9994-0363-488A-AA02-8491C020F196}.AppStore|Any CPU.Build.0 = AppStore|iPhone
		{D5FB9994-0363-488A-AA02-8491C020F196}.AppStore|Any CPU.Deploy.0 = AppStore|iPhone
		{D5FB9994-0363-488A-AA02-8491C020F196}.AppStore|ARM.ActiveCfg = AppStore|iPhone
		{D5FB9994-0363-488A-AA02-8491C020F196}.AppStore|ARM.Build.0 = AppStore|iPhone
		{D5FB9994-0363-488A-AA02-8491C020F196}.AppStore|ARM.Deploy.0 = AppStore|iPhone
		{D5FB9994-0363-488A-AA02-8491C020F196}.AppStore|iPhone.ActiveCfg = AppStore|iPhone
		{D5FB9994-0363-488A-AA02-8491C020F196}.AppStore|iPhone.Build.0 = AppStore|iPhone
		{D5FB9994-0363-488A-AA02-8491C020F196}.AppStore|iPhone.Deploy.0 = AppStore|iPhone
		{D5FB9994-0363-488A-AA02-8491C020F196}.AppStore|iPhoneSimulator.ActiveCfg = AppStore|iPhoneSimulator
		{D5FB9994-0363-488A-AA02-8491C020F196}.AppStore|iPhoneSimulator.Build.0 = AppStore|iPhoneSimulator
		{D5FB9994-0363-488A-AA02-8491C020F196}.AppStore|iPhoneSimulator.Deploy.0 = AppStore|iPhoneSimulator
		{D5FB9994-0363-488A-AA02-8491C020F196}.AppStore|x64.ActiveCfg = AppStore|iPhone
		{D5FB9994-0363-488A-AA02-8491C020F196}.AppStore|x64.Build.0 = AppStore|iPhone
		{D5FB9994-0363-488A-AA02-8491C020F196}.AppStore|x64.Deploy.0 = AppStore|iPhone
		{D5FB9994-0363-488A-AA02-8491C020F196}.AppStore|x86.ActiveCfg = AppStore|iPhone
		{D5FB9994-0363-488A-AA02-8491C020F196}.AppStore|x86.Build.0 = AppStore|iPhone
		{D5FB9994-0363-488A-AA02-8491C020F196}.AppStore|x86.Deploy.0 = AppStore|iPhone
		{D5FB9994-0363-488A-AA02-8491C020F196}.Debug|Any CPU.ActiveCfg = Debug|iPhoneSimulator
		{D5FB9994-0363-488A-AA02-8491C020F196}.Debug|Any CPU.Build.0 = Debug|iPhoneSimulator
		{D5FB9994-0363-488A-AA02-8491C020F196}.Debug|Any CPU.Deploy.0 = Debug|iPhoneSimulator
		{D5FB9994-0363-488A-AA02-8491C020F196}.Debug|ARM.ActiveCfg = Debug|iPhone
		{D5FB9994-0363-488A-AA02-8491C020F196}.Debug|ARM.Build.0 = Debug|iPhone
		{D5FB9994-0363-488A-AA02-8491C020F196}.Debug|ARM.Deploy.0 = Debug|iPhone
		{D5FB9994-0363-488A-AA02-8491C020F196}.Debug|iPhone.ActiveCfg = Debug|iPhone
		{D5FB9994-0363-488A-AA02-8491C020F196}.Debug|iPhone.Build.0 = Debug|iPhone
		{D5FB9994-0363-488A-AA02-8491C020F196}.Debug|iPhone.Deploy.0 = Debug|iPhone
		{D5FB9994-0363-488A-AA02-8491C020F196}.Debug|iPhoneSimulator.ActiveCfg = Debug|iPhoneSimulator
		{D5FB9994-0363-488A-AA02-8491C020F196}.Debug|iPhoneSimulator.Build.0 = Debug|iPhoneSimulator
		{D5FB9994-0363-488A-AA02-8491C020F196}.Debug|iPhoneSimulator.Deploy.0 = Debug|iPhoneSimulator
		{D5FB9994-0363-488A-AA02-8491C020F196}.Debug|x64.ActiveCfg = Debug|iPhone
		{D5FB9994-0363-488A-AA02-8491C020F196}.Debug|x64.Build.0 = Debug|iPhone
		{D5FB9994-0363-488A-AA02-8491C020F196}.Debug|x64.Deploy.0 = Debug|iPhone
		{D5FB9994-0363-488A-AA02-8491C020F196}.Debug|x86.ActiveCfg = Debug|iPhone
		{D5FB9994-0363-488A-AA02-8491C020F196}.Debug|x86.Build.0 = Debug|iPhone
		{D5FB9994-0363-488A-AA02-8491C020F196}.Debug|x86.Deploy.0 = Debug|iPhone
		{D5FB9994-0363-488A-AA02-8491C020F196}.Release|Any CPU.ActiveCfg = Release|iPhone
		{D5FB9994-0363-488A-AA02-8491C020F196}.Release|Any CPU.Build.0 = Release|iPhone
		{D5FB9994-0363-488A-AA02-8491C020F196}.Release|Any CPU.Deploy.0 = Release|iPhone
		{D5FB9994-0363-488A-AA02-8491C020F196}.Release|ARM.ActiveCfg = Release|iPhone
		{D5FB9994-0363-488A-AA02-8491C020F196}.Release|ARM.Build.0 = Release|iPhone
		{D5FB9994-0363-488A-AA02-8491C020F196}.Release|ARM.Deploy.0 = Release|iPhone
		{D5FB9994-0363-488A-AA02-8491C020F196}.Release|iPhone.ActiveCfg = Release|iPhone
		{D5FB9994-0363-488A-AA02-8491C020F196}.Release|iPhone.Build.0 = Release|iPhone
		{D5FB9994-0363-488A-AA02-8491C020F196}.Release|iPhone.Deploy.0 = Release|iPhone
		{D5FB9994-0363-488A-AA02-8491C020F196}.Release|iPhoneSimulator.ActiveCfg = Release|iPhoneSimulator
		{D5FB9994-0363-488A-AA02-8491C020F196}.Release|iPhoneSimulator.Build.0 = Release|iPhoneSimulator
		{D5FB9994-0363-488A-AA02-8491C020F196}.Release|iPhoneSimulator.Deploy.0 = Release|iPhoneSimulator
		{D5FB9994-0363-488A-AA02-8491C020F196}.Release|x64.ActiveCfg = Release|iPhone
		{D5FB9994-0363-488A-AA02-8491C020F196}.Release|x64.Build.0 = Release|iPhone
		{D5FB9994-0363-488A-AA02-8491C020F196}.Release|x64.Deploy.0 = Release|iPhone
		{D5FB9994-0363-488A-AA02-8491C020F196}.Release|x86.ActiveCfg = Release|iPhone
		{D5FB9994-0363-488A-AA02-8491C020F196}.Release|x86.Build.0 = Release|iPhone
		{D5FB9994-0363-488A-AA02-8491C020F196}.Release|x86.Deploy.0 = Release|iPhone
		{39CD29E4-4C28-462C-B046-739F8644AF7B}.Ad-Hoc|Any CPU.ActiveCfg = Release|x86
		{39CD29E4-4C28-462C-B046-739F8644AF7B}.Ad-Hoc|Any CPU.Build.0 = Release|x86
		{39CD29E4-4C28-462C-B046-739F8644AF7B}.Ad-Hoc|Any CPU.Deploy.0 = Release|x86
		{39CD29E4-4C28-462C-B046-739F8644AF7B}.Ad-Hoc|ARM.ActiveCfg = Release|ARM
		{39CD29E4-4C28-462C-B046-739F8644AF7B}.Ad-Hoc|ARM.Build.0 = Release|ARM
		{39CD29E4-4C28-462C-B046-739F8644AF7B}.Ad-Hoc|ARM.Deploy.0 = Release|ARM
		{39CD29E4-4C28-462C-B046-739F8644AF7B}.Ad-Hoc|iPhone.ActiveCfg = Release|x86
		{39CD29E4-4C28-462C-B046-739F8644AF7B}.Ad-Hoc|iPhone.Build.0 = Release|x86
		{39CD29E4-4C28-462C-B046-739F8644AF7B}.Ad-Hoc|iPhone.Deploy.0 = Release|x86
		{39CD29E4-4C28-462C-B046-739F8644AF7B}.Ad-Hoc|iPhoneSimulator.ActiveCfg = Release|x86
		{39CD29E4-4C28-462C-B046-739F8644AF7B}.Ad-Hoc|iPhoneSimulator.Build.0 = Release|x86
		{39CD29E4-4C28-462C-B046-739F8644AF7B}.Ad-Hoc|iPhoneSimulator.Deploy.0 = Release|x86
		{39CD29E4-4C28-462C-B046-739F8644AF7B}.Ad-Hoc|x64.ActiveCfg = Release|x64
		{39CD29E4-4C28-462C-B046-739F8644AF7B}.Ad-Hoc|x64.Build.0 = Release|x64
		{39CD29E4-4C28-462C-B046-739F8644AF7B}.Ad-Hoc|x64.Deploy.0 = Release|x64
		{39CD29E4-4C28-462C-B046-739F8644AF7B}.Ad-Hoc|x86.ActiveCfg = Release|x86
		{39CD29E4-4C28-462C-B046-739F8644AF7B}.Ad-Hoc|x86.Build.0 = Release|x86
		{39CD29E4-4C28-462C-B046-739F8644AF7B}.Ad-Hoc|x86.Deploy.0 = Release|x86
		{39CD29E4-4C28-462C-B046-739F8644AF7B}.AppStore|Any CPU.ActiveCfg = Release|x86
		{39CD29E4-4C28-462C-B046-739F8644AF7B}.AppStore|Any CPU.Build.0 = Release|x86
		{39CD29E4-4C28-462C-B046-739F8644AF7B}.AppStore|Any CPU.Deploy.0 = Release|x86
		{39CD29E4-4C28-462C-B046-739F8644AF7B}.AppStore|ARM.ActiveCfg = Release|ARM
		{39CD29E4-4C28-462C-B046-739F8644AF7B}.AppStore|ARM.Build.0 = Release|ARM
		{39CD29E4-4C28-462C-B046-739F8644AF7B}.AppStore|ARM.Deploy.0 = Release|ARM
		{39CD29E4-4C28-462C-B046-739F8644AF7B}.AppStore|iPhone.ActiveCfg = Release|x86
		{39CD29E4-4C28-462C-B046-739F8644AF7B}.AppStore|iPhone.Build.0 = Release|x86
		{39CD29E4-4C28-462C-B046-739F8644AF7B}.AppStore|iPhone.Deploy.0 = Release|x86
		{39CD29E4-4C28-462C-B046-739F8644AF7B}.AppStore|iPhoneSimulator.ActiveCfg = Release|x86
		{39CD29E4-4C28-462C-B046-739F8644AF7B}.AppStore|iPhoneSimulator.Build.0 = Release|x86
		{39CD29E4-4C28-462C-B046-739F8644AF7B}.AppStore|iPhoneSimulator.Deploy.0 = Release|x86
		{39CD29E4-4C28-462C-B046-739F8644AF7B}.AppStore|x64.ActiveCfg = Release|x64
		{39CD29E4-4C28-462C-B046-739F8644AF7B}.AppStore|x64.Build.0 = Release|x64
		{39CD29E4-4C28-462C-B046-739F8644AF7B}.AppStore|x64.Deploy.0 = Release|x64
		{39CD29E4-4C28-462C-B046-739F8644AF7B}.AppStore|x86.ActiveCfg = Release|x86
		{39CD29E4-4C28-462C-B046-739F8644AF7B}.AppStore|x86.Build.0 = Release|x86
		{39CD29E4-4C28-462C-B046-739F8644AF7B}.AppStore|x86.Deploy.0 = Release|x86
		{39CD29E4-4C28-462C-B046-739F8644AF7B}.Debug|Any CPU.ActiveCfg = Debug|x86
		{39CD29E4-4C28-462C-B046-739F8644AF7B}.Debug|Any CPU.Build.0 = Debug|x86
		{39CD29E4-4C28-462C-B046-739F8644AF7B}.Debug|Any CPU.Deploy.0 = Debug|x86
		{39CD29E4-4C28-462C-B046-739F8644AF7B}.Debug|ARM.ActiveCfg = Debug|ARM
		{39CD29E4-4C28-462C-B046-739F8644AF7B}.Debug|ARM.Build.0 = Debug|ARM
		{39CD29E4-4C28-462C-B046-739F8644AF7B}.Debug|ARM.Deploy.0 = Debug|ARM
		{39CD29E4-4C28-462C-B046-739F8644AF7B}.Debug|iPhone.ActiveCfg = Debug|x86
		{39CD29E4-4C28-462C-B046-739F8644AF7B}.Debug|iPhone.Build.0 = Debug|x86
		{39CD29E4-4C28-462C-B046-739F8644AF7B}.Debug|iPhone.Deploy.0 = Debug|x86
		{39CD29E4-4C28-462C-B046-739F8644AF7B}.Debug|iPhoneSimulator.ActiveCfg = Debug|x86
		{39CD29E4-4C28-462C-B046-739F8644AF7B}.Debug|iPhoneSimulator.Build.0 = Debug|x86
		{39CD29E4-4C28-462C-B046-739F8644AF7B}.Debug|iPhoneSimulator.Deploy.0 = Debug|x86
		{39CD29E4-4C28-462C-B046-739F8644AF7B}.Debug|x64.ActiveCfg = Debug|x64
		{39CD29E4-4C28-462C-B046-739F8644AF7B}.Debug|x64.Build.0 = Debug|x64
		{39CD29E4-4C28-462C-B046-739F8644AF7B}.Debug|x64.Deploy.0 = Debug|x64
		{39CD29E4-4C28-462C-B046-739F8644AF7B}.Debug|x86.ActiveCfg = Debug|x86
		{39CD29E4-4C28-462C-B046-739F8644AF7B}.Debug|x86.Build.0 = Debug|x86
		{39CD29E4-4C28-462C-B046-739F8644AF7B}.Debug|x86.Deploy.0 = Debug|x86
		{39CD29E4-4C28-462C-B046-739F8644AF7B}.Release|Any CPU.ActiveCfg = Release|x86
		{39CD29E4-4C28-462C-B046-739F8644AF7B}.Release|Any CPU.Build.0 = Release|x86
		{39CD29E4-4C28-462C-B046-739F8644AF7B}.Release|Any CPU.Deploy.0 = Release|x86
		{39CD29E4-4C28-462C-B046-739F8644AF7B}.Release|ARM.ActiveCfg = Release|ARM
		{39CD29E4-4C28-462C-B046-739F8644AF7B}.Release|ARM.Build.0 = Release|ARM
		{39CD29E4-4C28-462C-B046-739F8644AF7B}.Release|ARM.Deploy.0 = Release|ARM
		{39CD29E4-4C28-462C-B046-739F8644AF7B}.Release|iPhone.ActiveCfg = Release|x86
		{39CD29E4-4C28-462C-B046-739F8644AF7B}.Release|iPhone.Build.0 = Release|x86
		{39CD29E4-4C28-462C-B046-739F8644AF7B}.Release|iPhone.Deploy.0 = Release|x86
		{39CD29E4-4C28-462C-B046-739F8644AF7B}.Release|iPhoneSimulator.ActiveCfg = Release|x86
		{39CD29E4-4C28-462C-B046-739F8644AF7B}.Release|iPhoneSimulator.Build.0 = Release|x86
		{39CD29E4-4C28-462C-B046-739F8644AF7B}.Release|iPhoneSimulator.Deploy.0 = Release|x86
		{39CD29E4-4C28-462C-B046-739F8644AF7B}.Release|x64.ActiveCfg = Release|x64
		{39CD29E4-4C28-462C-B046-739F8644AF7B}.Release|x64.Build.0 = Release|x64
		{39CD29E4-4C28-462C-B046-739F8644AF7B}.Release|x64.Deploy.0 = Release|x64
		{39CD29E4-4C28-462C-B046-739F8644AF7B}.Release|x86.ActiveCfg = Release|x86
		{39CD29E4-4C28-462C-B046-739F8644AF7B}.Release|x86.Build.0 = Release|x86
		{39CD29E4-4C28-462C-B046-739F8644AF7B}.Release|x86.Deploy.0 = Release|x86
		{3A4C34B3-02FA-4112-9BEE-A114A1AB2B00}.Ad-Hoc|Any CPU.ActiveCfg = Debug|Any CPU
		{3A4C34B3-02FA-4112-9BEE-A114A1AB2B00}.Ad-Hoc|Any CPU.Build.0 = Debug|Any CPU
		{3A4C34B3-02FA-4112-9BEE-A114A1AB2B00}.Ad-Hoc|Any CPU.Deploy.0 = Debug|Any CPU
		{3A4C34B3-02FA-4112-9BEE-A114A1AB2B00}.Ad-Hoc|ARM.ActiveCfg = Debug|Any CPU
		{3A4C34B3-02FA-4112-9BEE-A114A1AB2B00}.Ad-Hoc|ARM.Build.0 = Debug|Any CPU
		{3A4C34B3-02FA-4112-9BEE-A114A1AB2B00}.Ad-Hoc|ARM.Deploy.0 = Debug|Any CPU
		{3A4C34B3-02FA-4112-9BEE-A114A1AB2B00}.Ad-Hoc|iPhone.ActiveCfg = Debug|Any CPU
		{3A4C34B3-02FA-4112-9BEE-A114A1AB2B00}.Ad-Hoc|iPhone.Build.0 = Debug|Any CPU
		{3A4C34B3-02FA-4112-9BEE-A114A1AB2B00}.Ad-Hoc|iPhone.Deploy.0 = Debug|Any CPU
		{3A4C34B3-02FA-4112-9BEE-A114A1AB2B00}.Ad-Hoc|iPhoneSimulator.ActiveCfg = Debug|Any CPU
		{3A4C34B3-02FA-4112-9BEE-A114A1AB2B00}.Ad-Hoc|iPhoneSimulator.Build.0 = Debug|Any CPU
		{3A4C34B3-02FA-4112-9BEE-A114A1AB2B00}.Ad-Hoc|iPhoneSimulator.Deploy.0 = Debug|Any CPU
		{3A4C34B3-02FA-4112-9BEE-A114A1AB2B00}.Ad-Hoc|x64.ActiveCfg = Debug|Any CPU
		{3A4C34B3-02FA-4112-9BEE-A114A1AB2B00}.Ad-Hoc|x64.Build.0 = Debug|Any CPU
		{3A4C34B3-02FA-4112-9BEE-A114A1AB2B00}.Ad-Hoc|x64.Deploy.0 = Debug|Any CPU
		{3A4C34B3-02FA-4112-9BEE-A114A1AB2B00}.Ad-Hoc|x86.ActiveCfg = Debug|Any CPU
		{3A4C34B3-02FA-4112-9BEE-A114A1AB2B00}.Ad-Hoc|x86.Build.0 = Debug|Any CPU
		{3A4C34B3-02FA-4112-9BEE-A114A1AB2B00}.Ad-Hoc|x86.Deploy.0 = Debug|Any CPU
		{3A4C34B3-02FA-4112-9BEE-A114A1AB2B00}.AppStore|Any CPU.ActiveCfg = Debug|Any CPU
		{3A4C34B3-02FA-4112-9BEE-A114A1AB2B00}.AppStore|Any CPU.Build.0 = Debug|Any CPU
		{3A4C34B3-02FA-4112-9BEE-A114A1AB2B00}.AppStore|Any CPU.Deploy.0 = Debug|Any CPU
		{3A4C34B3-02FA-4112-9BEE-A114A1AB2B00}.AppStore|ARM.ActiveCfg = Debug|Any CPU
		{3A4C34B3-02FA-4112-9BEE-A114A1AB2B00}.AppStore|ARM.Build.0 = Debug|Any CPU
		{3A4C34B3-02FA-4112-9BEE-A114A1AB2B00}.AppStore|ARM.Deploy.0 = Debug|Any CPU
		{3A4C34B3-02FA-4112-9BEE-A114A1AB2B00}.AppStore|iPhone.ActiveCfg = Debug|Any CPU
		{3A4C34B3-02FA-4112-9BEE-A114A1AB2B00}.AppStore|iPhone.Build.0 = Debug|Any CPU
		{3A4C34B3-02FA-4112-9BEE-A114A1AB2B00}.AppStore|iPhone.Deploy.0 = Debug|Any CPU
		{3A4C34B3-02FA-4112-9BEE-A114A1AB2B00}.AppStore|iPhoneSimulator.ActiveCfg = Debug|Any CPU
		{3A4C34B3-02FA-4112-9BEE-A114A1AB2B00}.AppStore|iPhoneSimulator.Build.0 = Debug|Any CPU
		{3A4C34B3-02FA-4112-9BEE-A114A1AB2B00}.AppStore|iPhoneSimulator.Deploy.0 = Debug|Any CPU
		{3A4C34B3-02FA-4112-9BEE-A114A1AB2B00}.AppStore|x64.ActiveCfg = Debug|Any CPU
		{3A4C34B3-02FA-4112-9BEE-A114A1AB2B00}.AppStore|x64.Build.0 = Debug|Any CPU
		{3A4C34B3-02FA-4112-9BEE-A114A1AB2B00}.AppStore|x64.Deploy.0 = Debug|Any CPU
		{3A4C34B3-02FA-4112-9BEE-A114A1AB2B00}.AppStore|x86.ActiveCfg = Debug|Any CPU
		{3A4C34B3-02FA-4112-9BEE-A114A1AB2B00}.AppStore|x86.Build.0 = Debug|Any CPU
		{3A4C34B3-02FA-4112-9BEE-A114A1AB2B00}.AppStore|x86.Deploy.0 = Debug|Any CPU
		{3A4C34B3-02FA-4112-9BEE-A114A1AB2B00}.Debug|Any CPU.ActiveCfg = Debug|Any CPU
		{3A4C34B3-02FA-4112-9BEE-A114A1AB2B00}.Debug|Any CPU.Build.0 = Debug|Any CPU
		{3A4C34B3-02FA-4112-9BEE-A114A1AB2B00}.Debug|Any CPU.Deploy.0 = Debug|Any CPU
		{3A4C34B3-02FA-4112-9BEE-A114A1AB2B00}.Debug|ARM.ActiveCfg = Debug|Any CPU
		{3A4C34B3-02FA-4112-9BEE-A114A1AB2B00}.Debug|ARM.Build.0 = Debug|Any CPU
		{3A4C34B3-02FA-4112-9BEE-A114A1AB2B00}.Debug|ARM.Deploy.0 = Debug|Any CPU
		{3A4C34B3-02FA-4112-9BEE-A114A1AB2B00}.Debug|iPhone.ActiveCfg = Debug|Any CPU
		{3A4C34B3-02FA-4112-9BEE-A114A1AB2B00}.Debug|iPhone.Build.0 = Debug|Any CPU
		{3A4C34B3-02FA-4112-9BEE-A114A1AB2B00}.Debug|iPhone.Deploy.0 = Debug|Any CPU
		{3A4C34B3-02FA-4112-9BEE-A114A1AB2B00}.Debug|iPhoneSimulator.ActiveCfg = Debug|Any CPU
		{3A4C34B3-02FA-4112-9BEE-A114A1AB2B00}.Debug|iPhoneSimulator.Build.0 = Debug|Any CPU
		{3A4C34B3-02FA-4112-9BEE-A114A1AB2B00}.Debug|iPhoneSimulator.Deploy.0 = Debug|Any CPU
		{3A4C34B3-02FA-4112-9BEE-A114A1AB2B00}.Debug|x64.ActiveCfg = Debug|Any CPU
		{3A4C34B3-02FA-4112-9BEE-A114A1AB2B00}.Debug|x64.Build.0 = Debug|Any CPU
		{3A4C34B3-02FA-4112-9BEE-A114A1AB2B00}.Debug|x64.Deploy.0 = Debug|Any CPU
		{3A4C34B3-02FA-4112-9BEE-A114A1AB2B00}.Debug|x86.ActiveCfg = Debug|Any CPU
		{3A4C34B3-02FA-4112-9BEE-A114A1AB2B00}.Debug|x86.Build.0 = Debug|Any CPU
		{3A4C34B3-02FA-4112-9BEE-A114A1AB2B00}.Debug|x86.Deploy.0 = Debug|Any CPU
		{3A4C34B3-02FA-4112-9BEE-A114A1AB2B00}.Release|Any CPU.ActiveCfg = Release|Any CPU
		{3A4C34B3-02FA-4112-9BEE-A114A1AB2B00}.Release|Any CPU.Build.0 = Release|Any CPU
		{3A4C34B3-02FA-4112-9BEE-A114A1AB2B00}.Release|Any CPU.Deploy.0 = Release|Any CPU
		{3A4C34B3-02FA-4112-9BEE-A114A1AB2B00}.Release|ARM.ActiveCfg = Release|Any CPU
		{3A4C34B3-02FA-4112-9BEE-A114A1AB2B00}.Release|ARM.Build.0 = Release|Any CPU
		{3A4C34B3-02FA-4112-9BEE-A114A1AB2B00}.Release|ARM.Deploy.0 = Release|Any CPU
		{3A4C34B3-02FA-4112-9BEE-A114A1AB2B00}.Release|iPhone.ActiveCfg = Release|Any CPU
		{3A4C34B3-02FA-4112-9BEE-A114A1AB2B00}.Release|iPhone.Build.0 = Release|Any CPU
		{3A4C34B3-02FA-4112-9BEE-A114A1AB2B00}.Release|iPhone.Deploy.0 = Release|Any CPU
		{3A4C34B3-02FA-4112-9BEE-A114A1AB2B00}.Release|iPhoneSimulator.ActiveCfg = Release|Any CPU
		{3A4C34B3-02FA-4112-9BEE-A114A1AB2B00}.Release|iPhoneSimulator.Build.0 = Release|Any CPU
		{3A4C34B3-02FA-4112-9BEE-A114A1AB2B00}.Release|iPhoneSimulator.Deploy.0 = Release|Any CPU
		{3A4C34B3-02FA-4112-9BEE-A114A1AB2B00}.Release|x64.ActiveCfg = Release|Any CPU
		{3A4C34B3-02FA-4112-9BEE-A114A1AB2B00}.Release|x64.Build.0 = Release|Any CPU
		{3A4C34B3-02FA-4112-9BEE-A114A1AB2B00}.Release|x64.Deploy.0 = Release|Any CPU
		{3A4C34B3-02FA-4112-9BEE-A114A1AB2B00}.Release|x86.ActiveCfg = Release|Any CPU
		{3A4C34B3-02FA-4112-9BEE-A114A1AB2B00}.Release|x86.Build.0 = Release|Any CPU
		{3A4C34B3-02FA-4112-9BEE-A114A1AB2B00}.Release|x86.Deploy.0 = Release|Any CPU
		{2B759806-B162-4A18-B34B-97B09C5D02ED}.Ad-Hoc|Any CPU.ActiveCfg = Release|Any CPU
		{2B759806-B162-4A18-B34B-97B09C5D02ED}.Ad-Hoc|Any CPU.Build.0 = Release|Any CPU
		{2B759806-B162-4A18-B34B-97B09C5D02ED}.Ad-Hoc|ARM.ActiveCfg = Release|Any CPU
		{2B759806-B162-4A18-B34B-97B09C5D02ED}.Ad-Hoc|ARM.Build.0 = Release|Any CPU
		{2B759806-B162-4A18-B34B-97B09C5D02ED}.Ad-Hoc|iPhone.ActiveCfg = Release|Any CPU
		{2B759806-B162-4A18-B34B-97B09C5D02ED}.Ad-Hoc|iPhone.Build.0 = Release|Any CPU
		{2B759806-B162-4A18-B34B-97B09C5D02ED}.Ad-Hoc|iPhoneSimulator.ActiveCfg = Release|Any CPU
		{2B759806-B162-4A18-B34B-97B09C5D02ED}.Ad-Hoc|iPhoneSimulator.Build.0 = Release|Any CPU
		{2B759806-B162-4A18-B34B-97B09C5D02ED}.Ad-Hoc|x64.ActiveCfg = Release|Any CPU
		{2B759806-B162-4A18-B34B-97B09C5D02ED}.Ad-Hoc|x64.Build.0 = Release|Any CPU
		{2B759806-B162-4A18-B34B-97B09C5D02ED}.Ad-Hoc|x86.ActiveCfg = Release|Any CPU
		{2B759806-B162-4A18-B34B-97B09C5D02ED}.Ad-Hoc|x86.Build.0 = Release|Any CPU
		{2B759806-B162-4A18-B34B-97B09C5D02ED}.AppStore|Any CPU.ActiveCfg = Release|Any CPU
		{2B759806-B162-4A18-B34B-97B09C5D02ED}.AppStore|Any CPU.Build.0 = Release|Any CPU
		{2B759806-B162-4A18-B34B-97B09C5D02ED}.AppStore|ARM.ActiveCfg = Release|Any CPU
		{2B759806-B162-4A18-B34B-97B09C5D02ED}.AppStore|ARM.Build.0 = Release|Any CPU
		{2B759806-B162-4A18-B34B-97B09C5D02ED}.AppStore|iPhone.ActiveCfg = Release|Any CPU
		{2B759806-B162-4A18-B34B-97B09C5D02ED}.AppStore|iPhone.Build.0 = Release|Any CPU
		{2B759806-B162-4A18-B34B-97B09C5D02ED}.AppStore|iPhoneSimulator.ActiveCfg = Release|Any CPU
		{2B759806-B162-4A18-B34B-97B09C5D02ED}.AppStore|iPhoneSimulator.Build.0 = Release|Any CPU
		{2B759806-B162-4A18-B34B-97B09C5D02ED}.AppStore|x64.ActiveCfg = Release|Any CPU
		{2B759806-B162-4A18-B34B-97B09C5D02ED}.AppStore|x64.Build.0 = Release|Any CPU
		{2B759806-B162-4A18-B34B-97B09C5D02ED}.AppStore|x86.ActiveCfg = Release|Any CPU
		{2B759806-B162-4A18-B34B-97B09C5D02ED}.AppStore|x86.Build.0 = Release|Any CPU
		{2B759806-B162-4A18-B34B-97B09C5D02ED}.Debug|Any CPU.ActiveCfg = Debug|Any CPU
		{2B759806-B162-4A18-B34B-97B09C5D02ED}.Debug|Any CPU.Build.0 = Debug|Any CPU
		{2B759806-B162-4A18-B34B-97B09C5D02ED}.Debug|ARM.ActiveCfg = Debug|Any CPU
		{2B759806-B162-4A18-B34B-97B09C5D02ED}.Debug|ARM.Build.0 = Debug|Any CPU
		{2B759806-B162-4A18-B34B-97B09C5D02ED}.Debug|iPhone.ActiveCfg = Debug|Any CPU
		{2B759806-B162-4A18-B34B-97B09C5D02ED}.Debug|iPhone.Build.0 = Debug|Any CPU
		{2B759806-B162-4A18-B34B-97B09C5D02ED}.Debug|iPhoneSimulator.ActiveCfg = Debug|Any CPU
		{2B759806-B162-4A18-B34B-97B09C5D02ED}.Debug|iPhoneSimulator.Build.0 = Debug|Any CPU
		{2B759806-B162-4A18-B34B-97B09C5D02ED}.Debug|x64.ActiveCfg = Debug|Any CPU
		{2B759806-B162-4A18-B34B-97B09C5D02ED}.Debug|x64.Build.0 = Debug|Any CPU
		{2B759806-B162-4A18-B34B-97B09C5D02ED}.Debug|x86.ActiveCfg = Debug|Any CPU
		{2B759806-B162-4A18-B34B-97B09C5D02ED}.Debug|x86.Build.0 = Debug|Any CPU
		{2B759806-B162-4A18-B34B-97B09C5D02ED}.Release|Any CPU.ActiveCfg = Release|Any CPU
		{2B759806-B162-4A18-B34B-97B09C5D02ED}.Release|Any CPU.Build.0 = Release|Any CPU
		{2B759806-B162-4A18-B34B-97B09C5D02ED}.Release|ARM.ActiveCfg = Release|Any CPU
		{2B759806-B162-4A18-B34B-97B09C5D02ED}.Release|ARM.Build.0 = Release|Any CPU
		{2B759806-B162-4A18-B34B-97B09C5D02ED}.Release|iPhone.ActiveCfg = Release|Any CPU
		{2B759806-B162-4A18-B34B-97B09C5D02ED}.Release|iPhone.Build.0 = Release|Any CPU
		{2B759806-B162-4A18-B34B-97B09C5D02ED}.Release|iPhoneSimulator.ActiveCfg = Release|Any CPU
		{2B759806-B162-4A18-B34B-97B09C5D02ED}.Release|iPhoneSimulator.Build.0 = Release|Any CPU
		{2B759806-B162-4A18-B34B-97B09C5D02ED}.Release|x64.ActiveCfg = Release|Any CPU
		{2B759806-B162-4A18-B34B-97B09C5D02ED}.Release|x64.Build.0 = Release|Any CPU
		{2B759806-B162-4A18-B34B-97B09C5D02ED}.Release|x86.ActiveCfg = Release|Any CPU
		{2B759806-B162-4A18-B34B-97B09C5D02ED}.Release|x86.Build.0 = Release|Any CPU
		{3ED721BB-B8C8-4BBA-AA53-8E68E6423E77}.Ad-Hoc|Any CPU.ActiveCfg = Release|Any CPU
		{3ED721BB-B8C8-4BBA-AA53-8E68E6423E77}.Ad-Hoc|Any CPU.Build.0 = Release|Any CPU
		{3ED721BB-B8C8-4BBA-AA53-8E68E6423E77}.Ad-Hoc|ARM.ActiveCfg = Release|Any CPU
		{3ED721BB-B8C8-4BBA-AA53-8E68E6423E77}.Ad-Hoc|ARM.Build.0 = Release|Any CPU
		{3ED721BB-B8C8-4BBA-AA53-8E68E6423E77}.Ad-Hoc|iPhone.ActiveCfg = Release|Any CPU
		{3ED721BB-B8C8-4BBA-AA53-8E68E6423E77}.Ad-Hoc|iPhone.Build.0 = Release|Any CPU
		{3ED721BB-B8C8-4BBA-AA53-8E68E6423E77}.Ad-Hoc|iPhoneSimulator.ActiveCfg = Release|Any CPU
		{3ED721BB-B8C8-4BBA-AA53-8E68E6423E77}.Ad-Hoc|iPhoneSimulator.Build.0 = Release|Any CPU
		{3ED721BB-B8C8-4BBA-AA53-8E68E6423E77}.Ad-Hoc|x64.ActiveCfg = Release|Any CPU
		{3ED721BB-B8C8-4BBA-AA53-8E68E6423E77}.Ad-Hoc|x64.Build.0 = Release|Any CPU
		{3ED721BB-B8C8-4BBA-AA53-8E68E6423E77}.Ad-Hoc|x86.ActiveCfg = Release|Any CPU
		{3ED721BB-B8C8-4BBA-AA53-8E68E6423E77}.Ad-Hoc|x86.Build.0 = Release|Any CPU
		{3ED721BB-B8C8-4BBA-AA53-8E68E6423E77}.AppStore|Any CPU.ActiveCfg = Release|Any CPU
		{3ED721BB-B8C8-4BBA-AA53-8E68E6423E77}.AppStore|Any CPU.Build.0 = Release|Any CPU
		{3ED721BB-B8C8-4BBA-AA53-8E68E6423E77}.AppStore|ARM.ActiveCfg = Release|Any CPU
		{3ED721BB-B8C8-4BBA-AA53-8E68E6423E77}.AppStore|ARM.Build.0 = Release|Any CPU
		{3ED721BB-B8C8-4BBA-AA53-8E68E6423E77}.AppStore|iPhone.ActiveCfg = Release|Any CPU
		{3ED721BB-B8C8-4BBA-AA53-8E68E6423E77}.AppStore|iPhone.Build.0 = Release|Any CPU
		{3ED721BB-B8C8-4BBA-AA53-8E68E6423E77}.AppStore|iPhoneSimulator.ActiveCfg = Release|Any CPU
		{3ED721BB-B8C8-4BBA-AA53-8E68E6423E77}.AppStore|iPhoneSimulator.Build.0 = Release|Any CPU
		{3ED721BB-B8C8-4BBA-AA53-8E68E6423E77}.AppStore|x64.ActiveCfg = Release|Any CPU
		{3ED721BB-B8C8-4BBA-AA53-8E68E6423E77}.AppStore|x64.Build.0 = Release|Any CPU
		{3ED721BB-B8C8-4BBA-AA53-8E68E6423E77}.AppStore|x86.ActiveCfg = Release|Any CPU
		{3ED721BB-B8C8-4BBA-AA53-8E68E6423E77}.AppStore|x86.Build.0 = Release|Any CPU
		{3ED721BB-B8C8-4BBA-AA53-8E68E6423E77}.Debug|Any CPU.ActiveCfg = Debug|Any CPU
		{3ED721BB-B8C8-4BBA-AA53-8E68E6423E77}.Debug|Any CPU.Build.0 = Debug|Any CPU
		{3ED721BB-B8C8-4BBA-AA53-8E68E6423E77}.Debug|ARM.ActiveCfg = Debug|Any CPU
		{3ED721BB-B8C8-4BBA-AA53-8E68E6423E77}.Debug|ARM.Build.0 = Debug|Any CPU
		{3ED721BB-B8C8-4BBA-AA53-8E68E6423E77}.Debug|iPhone.ActiveCfg = Debug|Any CPU
		{3ED721BB-B8C8-4BBA-AA53-8E68E6423E77}.Debug|iPhone.Build.0 = Debug|Any CPU
		{3ED721BB-B8C8-4BBA-AA53-8E68E6423E77}.Debug|iPhoneSimulator.ActiveCfg = Debug|Any CPU
		{3ED721BB-B8C8-4BBA-AA53-8E68E6423E77}.Debug|iPhoneSimulator.Build.0 = Debug|Any CPU
		{3ED721BB-B8C8-4BBA-AA53-8E68E6423E77}.Debug|x64.ActiveCfg = Debug|Any CPU
		{3ED721BB-B8C8-4BBA-AA53-8E68E6423E77}.Debug|x64.Build.0 = Debug|Any CPU
		{3ED721BB-B8C8-4BBA-AA53-8E68E6423E77}.Debug|x86.ActiveCfg = Debug|Any CPU
		{3ED721BB-B8C8-4BBA-AA53-8E68E6423E77}.Debug|x86.Build.0 = Debug|Any CPU
		{3ED721BB-B8C8-4BBA-AA53-8E68E6423E77}.Release|Any CPU.ActiveCfg = Release|Any CPU
		{3ED721BB-B8C8-4BBA-AA53-8E68E6423E77}.Release|Any CPU.Build.0 = Release|Any CPU
		{3ED721BB-B8C8-4BBA-AA53-8E68E6423E77}.Release|ARM.ActiveCfg = Release|Any CPU
		{3ED721BB-B8C8-4BBA-AA53-8E68E6423E77}.Release|ARM.Build.0 = Release|Any CPU
		{3ED721BB-B8C8-4BBA-AA53-8E68E6423E77}.Release|iPhone.ActiveCfg = Release|Any CPU
		{3ED721BB-B8C8-4BBA-AA53-8E68E6423E77}.Release|iPhone.Build.0 = Release|Any CPU
		{3ED721BB-B8C8-4BBA-AA53-8E68E6423E77}.Release|iPhoneSimulator.ActiveCfg = Release|Any CPU
		{3ED721BB-B8C8-4BBA-AA53-8E68E6423E77}.Release|iPhoneSimulator.Build.0 = Release|Any CPU
		{3ED721BB-B8C8-4BBA-AA53-8E68E6423E77}.Release|x64.ActiveCfg = Release|Any CPU
		{3ED721BB-B8C8-4BBA-AA53-8E68E6423E77}.Release|x64.Build.0 = Release|Any CPU
		{3ED721BB-B8C8-4BBA-AA53-8E68E6423E77}.Release|x86.ActiveCfg = Release|Any CPU
		{3ED721BB-B8C8-4BBA-AA53-8E68E6423E77}.Release|x86.Build.0 = Release|Any CPU
		{F71A1C49-1995-47CD-87D2-03DCC1A2A177}.Ad-Hoc|Any CPU.ActiveCfg = Release|Any CPU
		{F71A1C49-1995-47CD-87D2-03DCC1A2A177}.Ad-Hoc|Any CPU.Build.0 = Release|Any CPU
		{F71A1C49-1995-47CD-87D2-03DCC1A2A177}.Ad-Hoc|ARM.ActiveCfg = Release|Any CPU
		{F71A1C49-1995-47CD-87D2-03DCC1A2A177}.Ad-Hoc|ARM.Build.0 = Release|Any CPU
		{F71A1C49-1995-47CD-87D2-03DCC1A2A177}.Ad-Hoc|iPhone.ActiveCfg = Release|Any CPU
		{F71A1C49-1995-47CD-87D2-03DCC1A2A177}.Ad-Hoc|iPhone.Build.0 = Release|Any CPU
		{F71A1C49-1995-47CD-87D2-03DCC1A2A177}.Ad-Hoc|iPhoneSimulator.ActiveCfg = Release|Any CPU
		{F71A1C49-1995-47CD-87D2-03DCC1A2A177}.Ad-Hoc|iPhoneSimulator.Build.0 = Release|Any CPU
		{F71A1C49-1995-47CD-87D2-03DCC1A2A177}.Ad-Hoc|x64.ActiveCfg = Release|Any CPU
		{F71A1C49-1995-47CD-87D2-03DCC1A2A177}.Ad-Hoc|x64.Build.0 = Release|Any CPU
		{F71A1C49-1995-47CD-87D2-03DCC1A2A177}.Ad-Hoc|x86.ActiveCfg = Release|Any CPU
		{F71A1C49-1995-47CD-87D2-03DCC1A2A177}.Ad-Hoc|x86.Build.0 = Release|Any CPU
		{F71A1C49-1995-47CD-87D2-03DCC1A2A177}.AppStore|Any CPU.ActiveCfg = Release|Any CPU
		{F71A1C49-1995-47CD-87D2-03DCC1A2A177}.AppStore|Any CPU.Build.0 = Release|Any CPU
		{F71A1C49-1995-47CD-87D2-03DCC1A2A177}.AppStore|ARM.ActiveCfg = Release|Any CPU
		{F71A1C49-1995-47CD-87D2-03DCC1A2A177}.AppStore|ARM.Build.0 = Release|Any CPU
		{F71A1C49-1995-47CD-87D2-03DCC1A2A177}.AppStore|iPhone.ActiveCfg = Release|Any CPU
		{F71A1C49-1995-47CD-87D2-03DCC1A2A177}.AppStore|iPhone.Build.0 = Release|Any CPU
		{F71A1C49-1995-47CD-87D2-03DCC1A2A177}.AppStore|iPhoneSimulator.ActiveCfg = Release|Any CPU
		{F71A1C49-1995-47CD-87D2-03DCC1A2A177}.AppStore|iPhoneSimulator.Build.0 = Release|Any CPU
		{F71A1C49-1995-47CD-87D2-03DCC1A2A177}.AppStore|x64.ActiveCfg = Release|Any CPU
		{F71A1C49-1995-47CD-87D2-03DCC1A2A177}.AppStore|x64.Build.0 = Release|Any CPU
		{F71A1C49-1995-47CD-87D2-03DCC1A2A177}.AppStore|x86.ActiveCfg = Release|Any CPU
		{F71A1C49-1995-47CD-87D2-03DCC1A2A177}.AppStore|x86.Build.0 = Release|Any CPU
		{F71A1C49-1995-47CD-87D2-03DCC1A2A177}.Debug|Any CPU.ActiveCfg = Debug|Any CPU
		{F71A1C49-1995-47CD-87D2-03DCC1A2A177}.Debug|Any CPU.Build.0 = Debug|Any CPU
		{F71A1C49-1995-47CD-87D2-03DCC1A2A177}.Debug|ARM.ActiveCfg = Debug|Any CPU
		{F71A1C49-1995-47CD-87D2-03DCC1A2A177}.Debug|ARM.Build.0 = Debug|Any CPU
		{F71A1C49-1995-47CD-87D2-03DCC1A2A177}.Debug|iPhone.ActiveCfg = Debug|Any CPU
		{F71A1C49-1995-47CD-87D2-03DCC1A2A177}.Debug|iPhone.Build.0 = Debug|Any CPU
		{F71A1C49-1995-47CD-87D2-03DCC1A2A177}.Debug|iPhoneSimulator.ActiveCfg = Debug|Any CPU
		{F71A1C49-1995-47CD-87D2-03DCC1A2A177}.Debug|iPhoneSimulator.Build.0 = Debug|Any CPU
		{F71A1C49-1995-47CD-87D2-03DCC1A2A177}.Debug|x64.ActiveCfg = Debug|Any CPU
		{F71A1C49-1995-47CD-87D2-03DCC1A2A177}.Debug|x64.Build.0 = Debug|Any CPU
		{F71A1C49-1995-47CD-87D2-03DCC1A2A177}.Debug|x86.ActiveCfg = Debug|Any CPU
		{F71A1C49-1995-47CD-87D2-03DCC1A2A177}.Debug|x86.Build.0 = Debug|Any CPU
		{F71A1C49-1995-47CD-87D2-03DCC1A2A177}.Release|Any CPU.ActiveCfg = Release|Any CPU
		{F71A1C49-1995-47CD-87D2-03DCC1A2A177}.Release|Any CPU.Build.0 = Release|Any CPU
		{F71A1C49-1995-47CD-87D2-03DCC1A2A177}.Release|ARM.ActiveCfg = Release|Any CPU
		{F71A1C49-1995-47CD-87D2-03DCC1A2A177}.Release|ARM.Build.0 = Release|Any CPU
		{F71A1C49-1995-47CD-87D2-03DCC1A2A177}.Release|iPhone.ActiveCfg = Release|Any CPU
		{F71A1C49-1995-47CD-87D2-03DCC1A2A177}.Release|iPhone.Build.0 = Release|Any CPU
		{F71A1C49-1995-47CD-87D2-03DCC1A2A177}.Release|iPhoneSimulator.ActiveCfg = Release|Any CPU
		{F71A1C49-1995-47CD-87D2-03DCC1A2A177}.Release|iPhoneSimulator.Build.0 = Release|Any CPU
		{F71A1C49-1995-47CD-87D2-03DCC1A2A177}.Release|x64.ActiveCfg = Release|Any CPU
		{F71A1C49-1995-47CD-87D2-03DCC1A2A177}.Release|x64.Build.0 = Release|Any CPU
		{F71A1C49-1995-47CD-87D2-03DCC1A2A177}.Release|x86.ActiveCfg = Release|Any CPU
		{F71A1C49-1995-47CD-87D2-03DCC1A2A177}.Release|x86.Build.0 = Release|Any CPU
		{DB0A8DD6-3DC2-448B-9CB7-BE0382F6CAB1}.Ad-Hoc|Any CPU.ActiveCfg = Release|Any CPU
		{DB0A8DD6-3DC2-448B-9CB7-BE0382F6CAB1}.Ad-Hoc|Any CPU.Build.0 = Release|Any CPU
		{DB0A8DD6-3DC2-448B-9CB7-BE0382F6CAB1}.Ad-Hoc|ARM.ActiveCfg = Release|Any CPU
		{DB0A8DD6-3DC2-448B-9CB7-BE0382F6CAB1}.Ad-Hoc|ARM.Build.0 = Release|Any CPU
		{DB0A8DD6-3DC2-448B-9CB7-BE0382F6CAB1}.Ad-Hoc|iPhone.ActiveCfg = Release|Any CPU
		{DB0A8DD6-3DC2-448B-9CB7-BE0382F6CAB1}.Ad-Hoc|iPhone.Build.0 = Release|Any CPU
		{DB0A8DD6-3DC2-448B-9CB7-BE0382F6CAB1}.Ad-Hoc|iPhoneSimulator.ActiveCfg = Release|Any CPU
		{DB0A8DD6-3DC2-448B-9CB7-BE0382F6CAB1}.Ad-Hoc|iPhoneSimulator.Build.0 = Release|Any CPU
		{DB0A8DD6-3DC2-448B-9CB7-BE0382F6CAB1}.Ad-Hoc|x64.ActiveCfg = Release|Any CPU
		{DB0A8DD6-3DC2-448B-9CB7-BE0382F6CAB1}.Ad-Hoc|x64.Build.0 = Release|Any CPU
		{DB0A8DD6-3DC2-448B-9CB7-BE0382F6CAB1}.Ad-Hoc|x86.ActiveCfg = Release|Any CPU
		{DB0A8DD6-3DC2-448B-9CB7-BE0382F6CAB1}.Ad-Hoc|x86.Build.0 = Release|Any CPU
		{DB0A8DD6-3DC2-448B-9CB7-BE0382F6CAB1}.AppStore|Any CPU.ActiveCfg = Release|Any CPU
		{DB0A8DD6-3DC2-448B-9CB7-BE0382F6CAB1}.AppStore|Any CPU.Build.0 = Release|Any CPU
		{DB0A8DD6-3DC2-448B-9CB7-BE0382F6CAB1}.AppStore|ARM.ActiveCfg = Release|Any CPU
		{DB0A8DD6-3DC2-448B-9CB7-BE0382F6CAB1}.AppStore|ARM.Build.0 = Release|Any CPU
		{DB0A8DD6-3DC2-448B-9CB7-BE0382F6CAB1}.AppStore|iPhone.ActiveCfg = Release|Any CPU
		{DB0A8DD6-3DC2-448B-9CB7-BE0382F6CAB1}.AppStore|iPhone.Build.0 = Release|Any CPU
		{DB0A8DD6-3DC2-448B-9CB7-BE0382F6CAB1}.AppStore|iPhoneSimulator.ActiveCfg = Release|Any CPU
		{DB0A8DD6-3DC2-448B-9CB7-BE0382F6CAB1}.AppStore|iPhoneSimulator.Build.0 = Release|Any CPU
		{DB0A8DD6-3DC2-448B-9CB7-BE0382F6CAB1}.AppStore|x64.ActiveCfg = Release|Any CPU
		{DB0A8DD6-3DC2-448B-9CB7-BE0382F6CAB1}.AppStore|x64.Build.0 = Release|Any CPU
		{DB0A8DD6-3DC2-448B-9CB7-BE0382F6CAB1}.AppStore|x86.ActiveCfg = Release|Any CPU
		{DB0A8DD6-3DC2-448B-9CB7-BE0382F6CAB1}.AppStore|x86.Build.0 = Release|Any CPU
		{DB0A8DD6-3DC2-448B-9CB7-BE0382F6CAB1}.Debug|Any CPU.ActiveCfg = Debug|Any CPU
		{DB0A8DD6-3DC2-448B-9CB7-BE0382F6CAB1}.Debug|Any CPU.Build.0 = Debug|Any CPU
		{DB0A8DD6-3DC2-448B-9CB7-BE0382F6CAB1}.Debug|ARM.ActiveCfg = Debug|Any CPU
		{DB0A8DD6-3DC2-448B-9CB7-BE0382F6CAB1}.Debug|ARM.Build.0 = Debug|Any CPU
		{DB0A8DD6-3DC2-448B-9CB7-BE0382F6CAB1}.Debug|iPhone.ActiveCfg = Debug|Any CPU
		{DB0A8DD6-3DC2-448B-9CB7-BE0382F6CAB1}.Debug|iPhone.Build.0 = Debug|Any CPU
		{DB0A8DD6-3DC2-448B-9CB7-BE0382F6CAB1}.Debug|iPhoneSimulator.ActiveCfg = Debug|Any CPU
		{DB0A8DD6-3DC2-448B-9CB7-BE0382F6CAB1}.Debug|iPhoneSimulator.Build.0 = Debug|Any CPU
		{DB0A8DD6-3DC2-448B-9CB7-BE0382F6CAB1}.Debug|x64.ActiveCfg = Debug|Any CPU
		{DB0A8DD6-3DC2-448B-9CB7-BE0382F6CAB1}.Debug|x64.Build.0 = Debug|Any CPU
		{DB0A8DD6-3DC2-448B-9CB7-BE0382F6CAB1}.Debug|x86.ActiveCfg = Debug|Any CPU
		{DB0A8DD6-3DC2-448B-9CB7-BE0382F6CAB1}.Debug|x86.Build.0 = Debug|Any CPU
		{DB0A8DD6-3DC2-448B-9CB7-BE0382F6CAB1}.Release|Any CPU.ActiveCfg = Release|Any CPU
		{DB0A8DD6-3DC2-448B-9CB7-BE0382F6CAB1}.Release|Any CPU.Build.0 = Release|Any CPU
		{DB0A8DD6-3DC2-448B-9CB7-BE0382F6CAB1}.Release|ARM.ActiveCfg = Release|Any CPU
		{DB0A8DD6-3DC2-448B-9CB7-BE0382F6CAB1}.Release|ARM.Build.0 = Release|Any CPU
		{DB0A8DD6-3DC2-448B-9CB7-BE0382F6CAB1}.Release|iPhone.ActiveCfg = Release|Any CPU
		{DB0A8DD6-3DC2-448B-9CB7-BE0382F6CAB1}.Release|iPhone.Build.0 = Release|Any CPU
		{DB0A8DD6-3DC2-448B-9CB7-BE0382F6CAB1}.Release|iPhoneSimulator.ActiveCfg = Release|Any CPU
		{DB0A8DD6-3DC2-448B-9CB7-BE0382F6CAB1}.Release|iPhoneSimulator.Build.0 = Release|Any CPU
		{DB0A8DD6-3DC2-448B-9CB7-BE0382F6CAB1}.Release|x64.ActiveCfg = Release|Any CPU
		{DB0A8DD6-3DC2-448B-9CB7-BE0382F6CAB1}.Release|x64.Build.0 = Release|Any CPU
		{DB0A8DD6-3DC2-448B-9CB7-BE0382F6CAB1}.Release|x86.ActiveCfg = Release|Any CPU
		{DB0A8DD6-3DC2-448B-9CB7-BE0382F6CAB1}.Release|x86.Build.0 = Release|Any CPU
	EndGlobalSection
	GlobalSection(SolutionProperties) = preSolution
		HideSolutionNode = FALSE
	EndGlobalSection
	GlobalSection(ExtensibilityGlobals) = postSolution
		SolutionGuid = {C000C1CF-CF95-43E1-967D-ABC540097F39}
	EndGlobalSection
EndGlobal
